
Microsoft Visual Studio Solution File, Format Version 12.00
# Visual Studio Version 16
VisualStudioVersion = 16.0.30114.105
MinimumVisualStudioVersion = 10.0.40219.1
Project("{FAE04EC0-301F-11D3-BF4B-00C04F79EFBC}") = "ProjectSmt", "ProjectSmt\ProjectSmt.csproj", "{ADC283AB-DA2D-4B34-9CDF-322277C94300}"
EndProject
Global
	GlobalSection(SolutionConfigurationPlatforms) = preSolution
		Debug|Any CPU = Debug|Any CPU
		Release|Any CPU = Release|Any CPU
	EndGlobalSection
	GlobalSection(ProjectConfigurationPlatforms) = postSolution
		{ADC283AB-DA2D-4B34-9CDF-322277C94300}.Debug|Any CPU.ActiveCfg = Debug|Any CPU
		{ADC283AB-DA2D-4B34-9CDF-322277C94300}.Debug|Any CPU.Build.0 = Debug|Any CPU
		{ADC283AB-DA2D-4B34-9CDF-322277C94300}.Release|Any CPU.ActiveCfg = Release|Any CPU
		{ADC283AB-DA2D-4B34-9CDF-322277C94300}.Release|Any CPU.Build.0 = Release|Any CPU
	EndGlobalSection
	GlobalSection(SolutionProperties) = preSolution
		HideSolutionNode = FALSE
	EndGlobalSection
	GlobalSection(ExtensibilityGlobals) = postSolution
		SolutionGuid = {D10B0AF2-085B-4C3E-B9A9-EEBF81A3FBD9}
	EndGlobalSection
EndGlobal
